# THIS IS AN AUTOGENERATED FILE. DO NOT EDIT THIS FILE DIRECTLY.
# yarn lockfile v1


"@ckeditor/ckeditor5-adapter-ckfinder@42.0.2":
  version "42.0.2"
  resolved "https://registry.npmjs.org/@ckeditor/ckeditor5-adapter-ckfinder/-/ckeditor5-adapter-ckfinder-42.0.2.tgz"
  integrity sha512-nX624WYyyJh6BGGy7jNOlEyf+Kv95VWHKlqn39HLTLKlONBp3zBhAtN9rd0gqU5EM6FgPQ+RjOtQinuto0B6oQ==
  dependencies:
    "@ckeditor/ckeditor5-core" "42.0.2"
    "@ckeditor/ckeditor5-upload" "42.0.2"
    ckeditor5 "42.0.2"

"@ckeditor/ckeditor5-alignment@42.0.2":
  version "42.0.2"
  resolved "https://registry.npmjs.org/@ckeditor/ckeditor5-alignment/-/ckeditor5-alignment-42.0.2.tgz"
  integrity sha512-g6I0f5Ko7tckHrKYyZhNQL3dGHTcMbjypIfEkk3SAv68X4bDKLImVUJ1L6y0aZnGNoI40cMr0byEyln5rOq67Q==
  dependencies:
    "@ckeditor/ckeditor5-core" "42.0.2"
    "@ckeditor/ckeditor5-ui" "42.0.2"
    "@ckeditor/ckeditor5-utils" "42.0.2"
    ckeditor5 "42.0.2"

"@ckeditor/ckeditor5-autoformat@42.0.2":
  version "42.0.2"
  resolved "https://registry.npmjs.org/@ckeditor/ckeditor5-autoformat/-/ckeditor5-autoformat-42.0.2.tgz"
  integrity sha512-tnMdNc8VJ4y4wqbkSAbBGRiUukByOo1nBqyvzYS+SZ2Wzo67OmzKybvqz60PFYIbPAQJa0/uFkvgd55c+VTaqg==
  dependencies:
    "@ckeditor/ckeditor5-core" "42.0.2"
    "@ckeditor/ckeditor5-engine" "42.0.2"
    "@ckeditor/ckeditor5-typing" "42.0.2"
    "@ckeditor/ckeditor5-utils" "42.0.2"
    ckeditor5 "42.0.2"

"@ckeditor/ckeditor5-autosave@42.0.2":
  version "42.0.2"
  resolved "https://registry.npmjs.org/@ckeditor/ckeditor5-autosave/-/ckeditor5-autosave-42.0.2.tgz"
  integrity sha512-QIsftrJ6LjJrmUTDfJYpBKy9DJ79ltt2pMHtb8DhoyugGZUup40pFvMrt/4/UuQRm64jS/IjhwWXkSMg4PejJw==
  dependencies:
    "@ckeditor/ckeditor5-core" "42.0.2"
    "@ckeditor/ckeditor5-utils" "42.0.2"
    ckeditor5 "42.0.2"
    lodash-es "4.17.21"

"@ckeditor/ckeditor5-basic-styles@42.0.2":
  version "42.0.2"
  resolved "https://registry.npmjs.org/@ckeditor/ckeditor5-basic-styles/-/ckeditor5-basic-styles-42.0.2.tgz"
  integrity sha512-LT0Kk1K30z/YhI48QBDa69tjU1G2ljSKi5pU5pfiSBLhMl1ShLmXIAy6cEHnijHS0mte8FGwhiGXmNB/jAZ7Iw==
  dependencies:
    "@ckeditor/ckeditor5-core" "42.0.2"
    "@ckeditor/ckeditor5-typing" "42.0.2"
    "@ckeditor/ckeditor5-ui" "42.0.2"
    ckeditor5 "42.0.2"

"@ckeditor/ckeditor5-block-quote@42.0.2":
  version "42.0.2"
  resolved "https://registry.npmjs.org/@ckeditor/ckeditor5-block-quote/-/ckeditor5-block-quote-42.0.2.tgz"
  integrity sha512-xfX+tdAhn7WPHNNZR5Wkjl+OnmbNlEOVVZCL2iAjfswf4r3CglLnJOa529FO+4MyNcwkP+joQ3iVBclZNbETLw==
  dependencies:
    "@ckeditor/ckeditor5-core" "42.0.2"
    "@ckeditor/ckeditor5-enter" "42.0.2"
    "@ckeditor/ckeditor5-typing" "42.0.2"
    "@ckeditor/ckeditor5-ui" "42.0.2"
    "@ckeditor/ckeditor5-utils" "42.0.2"
    ckeditor5 "42.0.2"

"@ckeditor/ckeditor5-ckbox@42.0.2":
  version "42.0.2"
  resolved "https://registry.npmjs.org/@ckeditor/ckeditor5-ckbox/-/ckeditor5-ckbox-42.0.2.tgz"
  integrity sha512-RvCUphlhrTuGBy78kEOFJvdvmP3o7ajibubOOpVfUMz1V8BbTmmx1+XaveCDxznkwiCLUwqZplWZnpPoEABj2w==
  dependencies:
    "@ckeditor/ckeditor5-core" "42.0.2"
    "@ckeditor/ckeditor5-engine" "42.0.2"
    "@ckeditor/ckeditor5-ui" "42.0.2"
    "@ckeditor/ckeditor5-upload" "42.0.2"
    "@ckeditor/ckeditor5-utils" "42.0.2"
    blurhash "2.0.5"
    ckeditor5 "42.0.2"
    lodash-es "4.17.21"

"@ckeditor/ckeditor5-ckfinder@42.0.2":
  version "42.0.2"
  resolved "https://registry.npmjs.org/@ckeditor/ckeditor5-ckfinder/-/ckeditor5-ckfinder-42.0.2.tgz"
  integrity sha512-3lkMF+9Z3R1OUfwZJdORlRDgPSyR9Be57zgizpevpKTenxrZ+UU33ib/kvK8LXVDOzz3qp7UyCucLfY1KNXCzA==
  dependencies:
    "@ckeditor/ckeditor5-core" "42.0.2"
    "@ckeditor/ckeditor5-ui" "42.0.2"
    "@ckeditor/ckeditor5-utils" "42.0.2"
    ckeditor5 "42.0.2"

"@ckeditor/ckeditor5-clipboard@42.0.2":
  version "42.0.2"
  resolved "https://registry.npmjs.org/@ckeditor/ckeditor5-clipboard/-/ckeditor5-clipboard-42.0.2.tgz"
  integrity sha512-x76SjAhaguwVQtJSgz62q96RsJsw0eSM7ZnuUqLjMMzO+hq2hAj7ZIJNPcA46ZyDR6LDQzH760IumSz0xlHn9w==
  dependencies:
    "@ckeditor/ckeditor5-core" "42.0.2"
    "@ckeditor/ckeditor5-engine" "42.0.2"
    "@ckeditor/ckeditor5-ui" "42.0.2"
    "@ckeditor/ckeditor5-utils" "42.0.2"
    "@ckeditor/ckeditor5-widget" "42.0.2"
    lodash-es "4.17.21"

"@ckeditor/ckeditor5-cloud-services@42.0.2":
  version "42.0.2"
  resolved "https://registry.npmjs.org/@ckeditor/ckeditor5-cloud-services/-/ckeditor5-cloud-services-42.0.2.tgz"
  integrity sha512-oNdtgD/suEh5nAndXsjik8HgRDk095EGxkmrMO+Z3gbOit28fvTDL6bbUOQvenoNNWa7RXLZMbfyiTMuNH+X8Q==
  dependencies:
    "@ckeditor/ckeditor5-core" "42.0.2"
    "@ckeditor/ckeditor5-utils" "42.0.2"
    ckeditor5 "42.0.2"

"@ckeditor/ckeditor5-code-block@42.0.2":
  version "42.0.2"
  resolved "https://registry.npmjs.org/@ckeditor/ckeditor5-code-block/-/ckeditor5-code-block-42.0.2.tgz"
  integrity sha512-NFGn+350VS6/UNhHm9CurOLm3ZiXFUCO/SgKRILPKZ82Wh2GQqocs5O3yvvo1WQ9jA2DEwjfN0TgOpwgVOZQPQ==
  dependencies:
    "@ckeditor/ckeditor5-core" "42.0.2"
    "@ckeditor/ckeditor5-engine" "42.0.2"
    "@ckeditor/ckeditor5-enter" "42.0.2"
    "@ckeditor/ckeditor5-ui" "42.0.2"
    "@ckeditor/ckeditor5-utils" "42.0.2"
    ckeditor5 "42.0.2"
    lodash-es "4.17.21"

"@ckeditor/ckeditor5-core@42.0.2":
  version "42.0.2"
  resolved "https://registry.npmjs.org/@ckeditor/ckeditor5-core/-/ckeditor5-core-42.0.2.tgz"
  integrity sha512-LkNx1Qpk/gwh0wYkl4FdZfi1N2G5Gmp026sVp301boyE9sSVeR3YxcSdKXfsr2HII+7EdJHxMswTvnd/L+IdSg==
  dependencies:
    "@ckeditor/ckeditor5-engine" "42.0.2"
    "@ckeditor/ckeditor5-utils" "42.0.2"
    "@ckeditor/ckeditor5-watchdog" "42.0.2"
    lodash-es "4.17.21"

"@ckeditor/ckeditor5-easy-image@42.0.2":
  version "42.0.2"
  resolved "https://registry.npmjs.org/@ckeditor/ckeditor5-easy-image/-/ckeditor5-easy-image-42.0.2.tgz"
  integrity sha512-JYVpX6lRVRve8roROx5y6nsixLXLuVwIokBLoo+usS313xeeZvjoLrxGTeRuyyVbK3BFPE+zqyXsgqGs1Q0stg==
  dependencies:
    "@ckeditor/ckeditor5-core" "42.0.2"
    "@ckeditor/ckeditor5-upload" "42.0.2"
    "@ckeditor/ckeditor5-utils" "42.0.2"
    ckeditor5 "42.0.2"

"@ckeditor/ckeditor5-editor-balloon@42.0.2":
  version "42.0.2"
  resolved "https://registry.npmjs.org/@ckeditor/ckeditor5-editor-balloon/-/ckeditor5-editor-balloon-42.0.2.tgz"
  integrity sha512-NXTVQ3aBW8OirKgv8PJvjSDDbl39JGlnS/W+/LRwUlOgHVVWHVSMMqY52AhP90TzP6xfbFYBYX8n13EB6o/4Bw==
  dependencies:
    "@ckeditor/ckeditor5-core" "42.0.2"
    "@ckeditor/ckeditor5-engine" "42.0.2"
    "@ckeditor/ckeditor5-ui" "42.0.2"
    "@ckeditor/ckeditor5-utils" "42.0.2"
    ckeditor5 "42.0.2"
    lodash-es "4.17.21"

"@ckeditor/ckeditor5-editor-classic@42.0.2":
  version "42.0.2"
  resolved "https://registry.npmjs.org/@ckeditor/ckeditor5-editor-classic/-/ckeditor5-editor-classic-42.0.2.tgz"
  integrity sha512-K9+154AP/OpxDn6702772QCiT830lAQXsiUty1Z35MM3hVS5quwkuxS6V0NjKxx0AcqUmmgdXoFxx6v4mj3R7g==
  dependencies:
    "@ckeditor/ckeditor5-core" "42.0.2"
    "@ckeditor/ckeditor5-engine" "42.0.2"
    "@ckeditor/ckeditor5-ui" "42.0.2"
    "@ckeditor/ckeditor5-utils" "42.0.2"
    ckeditor5 "42.0.2"
    lodash-es "4.17.21"

"@ckeditor/ckeditor5-editor-decoupled@42.0.2":
  version "42.0.2"
  resolved "https://registry.npmjs.org/@ckeditor/ckeditor5-editor-decoupled/-/ckeditor5-editor-decoupled-42.0.2.tgz"
  integrity sha512-ANhlpcZXV+nZl/f9o+wS5vqc+Va5K4LnYA0F/pJNTNlighVCa1nGQX11tRGm48vItpNlgQxty+p86NHa+7YrLw==
  dependencies:
    "@ckeditor/ckeditor5-core" "42.0.2"
    "@ckeditor/ckeditor5-engine" "42.0.2"
    "@ckeditor/ckeditor5-ui" "42.0.2"
    "@ckeditor/ckeditor5-utils" "42.0.2"
    ckeditor5 "42.0.2"
    lodash-es "4.17.21"

"@ckeditor/ckeditor5-editor-inline@42.0.2":
  version "42.0.2"
  resolved "https://registry.npmjs.org/@ckeditor/ckeditor5-editor-inline/-/ckeditor5-editor-inline-42.0.2.tgz"
  integrity sha512-gWngpGE/6JDCyKpKTX7iIgFaxrDPzocZt56p1JmBJCNpVQb4sGoZs94uUg7rxlVo8t3PDH+foL49gSdBKYS9uw==
  dependencies:
    "@ckeditor/ckeditor5-core" "42.0.2"
    "@ckeditor/ckeditor5-engine" "42.0.2"
    "@ckeditor/ckeditor5-ui" "42.0.2"
    "@ckeditor/ckeditor5-utils" "42.0.2"
    ckeditor5 "42.0.2"
    lodash-es "4.17.21"

"@ckeditor/ckeditor5-editor-multi-root@42.0.2":
  version "42.0.2"
  resolved "https://registry.npmjs.org/@ckeditor/ckeditor5-editor-multi-root/-/ckeditor5-editor-multi-root-42.0.2.tgz"
  integrity sha512-1Cv4WGB75KoWZWewCOnHP4s4HGFXKt3BajvDkN8LXS6CtaIPDkH18okY/ivH/Idhu1pT9k2bjzCfR7W4EhtRJg==
  dependencies:
    "@ckeditor/ckeditor5-core" "42.0.2"
    "@ckeditor/ckeditor5-engine" "42.0.2"
    "@ckeditor/ckeditor5-ui" "42.0.2"
    "@ckeditor/ckeditor5-utils" "42.0.2"
    ckeditor5 "42.0.2"
    lodash-es "4.17.21"

"@ckeditor/ckeditor5-engine@42.0.2":
  version "42.0.2"
  resolved "https://registry.npmjs.org/@ckeditor/ckeditor5-engine/-/ckeditor5-engine-42.0.2.tgz"
  integrity sha512-mI4+X6Z0ihnyAKzka5RjoUgZoaRDckMniN8LLYNum3ewz+KWIVjtHn6NBrqEqw24BpwYfSVEPL/NdgA6xl93Jw==
  dependencies:
    "@ckeditor/ckeditor5-utils" "42.0.2"
    lodash-es "4.17.21"

"@ckeditor/ckeditor5-enter@42.0.2":
  version "42.0.2"
  resolved "https://registry.npmjs.org/@ckeditor/ckeditor5-enter/-/ckeditor5-enter-42.0.2.tgz"
  integrity sha512-pzVXQPdBgskiqVpCG/yxliuEXPECCI3GJ/OF5wXs2GQ04IcqBz5FsazUtSLS5nnA4e3YpcdzzEC0Kn1ASdl7QQ==
  dependencies:
    "@ckeditor/ckeditor5-core" "42.0.2"
    "@ckeditor/ckeditor5-engine" "42.0.2"
    "@ckeditor/ckeditor5-utils" "42.0.2"

"@ckeditor/ckeditor5-essentials@42.0.2":
  version "42.0.2"
  resolved "https://registry.npmjs.org/@ckeditor/ckeditor5-essentials/-/ckeditor5-essentials-42.0.2.tgz"
  integrity sha512-4qhW/7zm69KHnotKEs05YB6YTD6WB6QWJ6U44V6dFGJUUUmYN1fOt9ri6lU8snUVhJrU0C9IuGpVkb8Aby79GQ==
  dependencies:
    "@ckeditor/ckeditor5-clipboard" "42.0.2"
    "@ckeditor/ckeditor5-core" "42.0.2"
    "@ckeditor/ckeditor5-enter" "42.0.2"
    "@ckeditor/ckeditor5-select-all" "42.0.2"
    "@ckeditor/ckeditor5-typing" "42.0.2"
    "@ckeditor/ckeditor5-ui" "42.0.2"
    "@ckeditor/ckeditor5-undo" "42.0.2"
    ckeditor5 "42.0.2"

"@ckeditor/ckeditor5-find-and-replace@42.0.2":
  version "42.0.2"
  resolved "https://registry.npmjs.org/@ckeditor/ckeditor5-find-and-replace/-/ckeditor5-find-and-replace-42.0.2.tgz"
  integrity sha512-9Fc5nKUhDtivHxGoY5nEvwjqUyvMwcNs1Xo6nt9aXeG0gd4mrCdUQaQfRIlcycLmeVD1MgKfWh7sOv+EtuYFRA==
  dependencies:
    "@ckeditor/ckeditor5-core" "42.0.2"
    "@ckeditor/ckeditor5-ui" "42.0.2"
    "@ckeditor/ckeditor5-utils" "42.0.2"
    ckeditor5 "42.0.2"
    lodash-es "4.17.21"

"@ckeditor/ckeditor5-font@42.0.2":
  version "42.0.2"
  resolved "https://registry.npmjs.org/@ckeditor/ckeditor5-font/-/ckeditor5-font-42.0.2.tgz"
  integrity sha512-Soj1auf82Zz6y56qKf6nV6RSjNPENZm9vpkJ9jhyQ4pMh6YvQ7EkzbOwPCoskXm+ab8EAuH+bjS0n5lewN5i7Q==
  dependencies:
    "@ckeditor/ckeditor5-core" "42.0.2"
    "@ckeditor/ckeditor5-engine" "42.0.2"
    "@ckeditor/ckeditor5-ui" "42.0.2"
    "@ckeditor/ckeditor5-utils" "42.0.2"
    ckeditor5 "42.0.2"

"@ckeditor/ckeditor5-heading@42.0.2":
  version "42.0.2"
  resolved "https://registry.npmjs.org/@ckeditor/ckeditor5-heading/-/ckeditor5-heading-42.0.2.tgz"
  integrity sha512-1lwxsxzJRikSerwhH1By9FlAO2EQhcrt3xnpxBFME3pS2Y6tbkHj81W5Lu2cf+0ew5Bzcp5uqTvaArRtVssY1A==
  dependencies:
    "@ckeditor/ckeditor5-core" "42.0.2"
    "@ckeditor/ckeditor5-engine" "42.0.2"
    "@ckeditor/ckeditor5-paragraph" "42.0.2"
    "@ckeditor/ckeditor5-ui" "42.0.2"
    "@ckeditor/ckeditor5-utils" "42.0.2"
    ckeditor5 "42.0.2"

"@ckeditor/ckeditor5-highlight@42.0.2":
  version "42.0.2"
  resolved "https://registry.npmjs.org/@ckeditor/ckeditor5-highlight/-/ckeditor5-highlight-42.0.2.tgz"
  integrity sha512-I/qVqC1YS6Hfg1dZjP665NU2fIx5Dk4Rjq2ku7yxQrsmG+rle2xrEzXF1BsaBeK6ko+fX7JaP86dTvywnnOeaw==
  dependencies:
    "@ckeditor/ckeditor5-core" "42.0.2"
    "@ckeditor/ckeditor5-ui" "42.0.2"
    ckeditor5 "42.0.2"

"@ckeditor/ckeditor5-horizontal-line@42.0.2":
  version "42.0.2"
  resolved "https://registry.npmjs.org/@ckeditor/ckeditor5-horizontal-line/-/ckeditor5-horizontal-line-42.0.2.tgz"
  integrity sha512-zXnK2k5F5lhbLVwHzyURPMRGc8pc1YPz8fYXmz1pf/JG/EgXGGuUlczkpzegBUb9MctFgZbs09xIkTkVBQZmNw==
  dependencies:
    "@ckeditor/ckeditor5-core" "42.0.2"
    "@ckeditor/ckeditor5-ui" "42.0.2"
    "@ckeditor/ckeditor5-widget" "42.0.2"
    ckeditor5 "42.0.2"

"@ckeditor/ckeditor5-html-embed@42.0.2":
  version "42.0.2"
  resolved "https://registry.npmjs.org/@ckeditor/ckeditor5-html-embed/-/ckeditor5-html-embed-42.0.2.tgz"
  integrity sha512-aqCV9vQJd6KiYsTEW6UlWtyMTZgXI2oHK7/1p8WUagabHU1ZFT+jkExC8QG9n0M76Sq9TIynqBlfl4OOijT6NQ==
  dependencies:
    "@ckeditor/ckeditor5-core" "42.0.2"
    "@ckeditor/ckeditor5-ui" "42.0.2"
    "@ckeditor/ckeditor5-utils" "42.0.2"
    "@ckeditor/ckeditor5-widget" "42.0.2"
    ckeditor5 "42.0.2"

"@ckeditor/ckeditor5-html-support@42.0.2":
  version "42.0.2"
  resolved "https://registry.npmjs.org/@ckeditor/ckeditor5-html-support/-/ckeditor5-html-support-42.0.2.tgz"
  integrity sha512-z+Tg/jOf9+wzCo/NywkuHPGfOnKHfSr0hvkGjrq8b2OU9B1nJI34VTjJWSFH5NfLpn3tZo2dy3EcaoN9B7rSHA==
  dependencies:
    "@ckeditor/ckeditor5-core" "42.0.2"
    "@ckeditor/ckeditor5-engine" "42.0.2"
    "@ckeditor/ckeditor5-enter" "42.0.2"
    "@ckeditor/ckeditor5-utils" "42.0.2"
    "@ckeditor/ckeditor5-widget" "42.0.2"
    ckeditor5 "42.0.2"
    lodash-es "4.17.21"

"@ckeditor/ckeditor5-image@42.0.2":
  version "42.0.2"
  resolved "https://registry.npmjs.org/@ckeditor/ckeditor5-image/-/ckeditor5-image-42.0.2.tgz"
  integrity sha512-RH1r10rsnEFSBNBXe3d02J6JDvoLKxwz/KCvC/EoOR4UEKDe0FNodt3+VZrb0JNqkBUIxqdtvEobXb6YmGQaDQ==
  dependencies:
    "@ckeditor/ckeditor5-clipboard" "42.0.2"
    "@ckeditor/ckeditor5-core" "42.0.2"
    "@ckeditor/ckeditor5-engine" "42.0.2"
    "@ckeditor/ckeditor5-typing" "42.0.2"
    "@ckeditor/ckeditor5-ui" "42.0.2"
    "@ckeditor/ckeditor5-undo" "42.0.2"
    "@ckeditor/ckeditor5-upload" "42.0.2"
    "@ckeditor/ckeditor5-utils" "42.0.2"
    "@ckeditor/ckeditor5-widget" "42.0.2"
    ckeditor5 "42.0.2"
    lodash-es "4.17.21"

"@ckeditor/ckeditor5-indent@42.0.2":
  version "42.0.2"
  resolved "https://registry.npmjs.org/@ckeditor/ckeditor5-indent/-/ckeditor5-indent-42.0.2.tgz"
  integrity sha512-qXVXqvflW8kKa7odjiSTrQtj75C5opmnGUyrM+37f7CC8OmrcjXJ5GgrFnKwHyny9YHtvQyyN+GCuzuir6a9eA==
  dependencies:
    "@ckeditor/ckeditor5-core" "42.0.2"
    "@ckeditor/ckeditor5-engine" "42.0.2"
    "@ckeditor/ckeditor5-ui" "42.0.2"
    "@ckeditor/ckeditor5-utils" "42.0.2"
    ckeditor5 "42.0.2"

"@ckeditor/ckeditor5-language@42.0.2":
  version "42.0.2"
  resolved "https://registry.npmjs.org/@ckeditor/ckeditor5-language/-/ckeditor5-language-42.0.2.tgz"
  integrity sha512-s0pMdNxuE+kBCFiop5Lgv/UsYAYLKCENesMXVIRrxI73GRjwJXIq5f/5a7xwvfmH3/TQT5GMrfNmf5EeYo5NHA==
  dependencies:
    "@ckeditor/ckeditor5-core" "42.0.2"
    "@ckeditor/ckeditor5-ui" "42.0.2"
    "@ckeditor/ckeditor5-utils" "42.0.2"
    ckeditor5 "42.0.2"

"@ckeditor/ckeditor5-link@42.0.2":
  version "42.0.2"
  resolved "https://registry.npmjs.org/@ckeditor/ckeditor5-link/-/ckeditor5-link-42.0.2.tgz"
  integrity sha512-KySX11v1RyimZyc4u3AF6a/bEvA3gQg/krRsrzBbMIadtC1WN/C7w7XzjmYvx8Ui0SsH/ChBu16SxmRKO4HuTA==
  dependencies:
    "@ckeditor/ckeditor5-clipboard" "42.0.2"
    "@ckeditor/ckeditor5-core" "42.0.2"
    "@ckeditor/ckeditor5-engine" "42.0.2"
    "@ckeditor/ckeditor5-typing" "42.0.2"
    "@ckeditor/ckeditor5-ui" "42.0.2"
    "@ckeditor/ckeditor5-utils" "42.0.2"
    "@ckeditor/ckeditor5-widget" "42.0.2"
    ckeditor5 "42.0.2"
    lodash-es "4.17.21"

"@ckeditor/ckeditor5-list@42.0.2":
  version "42.0.2"
  resolved "https://registry.npmjs.org/@ckeditor/ckeditor5-list/-/ckeditor5-list-42.0.2.tgz"
  integrity sha512-NTNDb01QDyjDZis8nyOsvgSNwy6YniulGDZdyeulhmFy6zyHG0GFeYA0kAyW6/bnniWyW9cpfUrAK9KTLuql4A==
  dependencies:
    "@ckeditor/ckeditor5-clipboard" "42.0.2"
    "@ckeditor/ckeditor5-core" "42.0.2"
    "@ckeditor/ckeditor5-engine" "42.0.2"
    "@ckeditor/ckeditor5-enter" "42.0.2"
    "@ckeditor/ckeditor5-typing" "42.0.2"
    "@ckeditor/ckeditor5-ui" "42.0.2"
    "@ckeditor/ckeditor5-utils" "42.0.2"
    ckeditor5 "42.0.2"

"@ckeditor/ckeditor5-markdown-gfm@42.0.2":
  version "42.0.2"
  resolved "https://registry.npmjs.org/@ckeditor/ckeditor5-markdown-gfm/-/ckeditor5-markdown-gfm-42.0.2.tgz"
  integrity sha512-mh81YHQqVF0ZVSgd7hbO3EzuM78zIhwwZiiVsJ68e4aCfpYjc3Ni1NpyORj+tian743PmFr7WAUqIePdNPmQEg==
  dependencies:
    "@ckeditor/ckeditor5-clipboard" "42.0.2"
    "@ckeditor/ckeditor5-core" "42.0.2"
    "@ckeditor/ckeditor5-engine" "42.0.2"
    ckeditor5 "42.0.2"
    marked "4.0.12"
    turndown "7.2.0"
    turndown-plugin-gfm "1.0.2"

"@ckeditor/ckeditor5-media-embed@42.0.2":
  version "42.0.2"
  resolved "https://registry.npmjs.org/@ckeditor/ckeditor5-media-embed/-/ckeditor5-media-embed-42.0.2.tgz"
  integrity sha512-iXGcfgOm0IWa600ln5YeSssg7Sew6Lf1z9ziTxsQsmforPIqXgZQEvdLoo0tABddSRQZI+yQZnRnwrus9sZXIA==
  dependencies:
    "@ckeditor/ckeditor5-clipboard" "42.0.2"
    "@ckeditor/ckeditor5-core" "42.0.2"
    "@ckeditor/ckeditor5-engine" "42.0.2"
    "@ckeditor/ckeditor5-typing" "42.0.2"
    "@ckeditor/ckeditor5-ui" "42.0.2"
    "@ckeditor/ckeditor5-undo" "42.0.2"
    "@ckeditor/ckeditor5-utils" "42.0.2"
    "@ckeditor/ckeditor5-widget" "42.0.2"
    ckeditor5 "42.0.2"

"@ckeditor/ckeditor5-mention@42.0.2":
  version "42.0.2"
  resolved "https://registry.npmjs.org/@ckeditor/ckeditor5-mention/-/ckeditor5-mention-42.0.2.tgz"
  integrity sha512-81MYULfB7bHDb5Y7saIZMkNVG1BJV/ir5BwIDuuXwGXLNVX++uMTK4ryAItYToiSFN8/NBms7JFXPrRhL/zbOw==
  dependencies:
    "@ckeditor/ckeditor5-core" "42.0.2"
    "@ckeditor/ckeditor5-typing" "42.0.2"
    "@ckeditor/ckeditor5-ui" "42.0.2"
    "@ckeditor/ckeditor5-utils" "42.0.2"
    ckeditor5 "42.0.2"
    lodash-es "4.17.21"

"@ckeditor/ckeditor5-minimap@42.0.2":
  version "42.0.2"
  resolved "https://registry.npmjs.org/@ckeditor/ckeditor5-minimap/-/ckeditor5-minimap-42.0.2.tgz"
  integrity sha512-dOBT6bS/7tREFmpRCD4XwOEmoW4p7ZV1Pp3tA/KYQ++2BAgI/O/Yeww7nlhsKhal4r74v459hgihI/SnlfqBQA==
  dependencies:
    "@ckeditor/ckeditor5-core" "42.0.2"
    "@ckeditor/ckeditor5-engine" "42.0.2"
    "@ckeditor/ckeditor5-ui" "42.0.2"
    "@ckeditor/ckeditor5-utils" "42.0.2"
    ckeditor5 "42.0.2"

"@ckeditor/ckeditor5-page-break@42.0.2":
  version "42.0.2"
  resolved "https://registry.npmjs.org/@ckeditor/ckeditor5-page-break/-/ckeditor5-page-break-42.0.2.tgz"
  integrity sha512-h6Wb0fWsl4a0MyU8W3F4Yku/1CWnR6tQrcMapn0sHB9W/HAvHLQIJGdsYh+a1W6QzMIjpVAqjT4mxQ1rU86RkQ==
  dependencies:
    "@ckeditor/ckeditor5-core" "42.0.2"
    "@ckeditor/ckeditor5-ui" "42.0.2"
    "@ckeditor/ckeditor5-widget" "42.0.2"
    ckeditor5 "42.0.2"

"@ckeditor/ckeditor5-paragraph@42.0.2":
  version "42.0.2"
  resolved "https://registry.npmjs.org/@ckeditor/ckeditor5-paragraph/-/ckeditor5-paragraph-42.0.2.tgz"
  integrity sha512-feI7Rw76uPbPmoFeVEPpKdPTOjdlccpWabhfrimgT08rECLa7ErFw2oRZVmnx5+kjX+NAUeD9kaUZUUkNNP0wg==
  dependencies:
    "@ckeditor/ckeditor5-core" "42.0.2"
    "@ckeditor/ckeditor5-ui" "42.0.2"
    "@ckeditor/ckeditor5-utils" "42.0.2"

"@ckeditor/ckeditor5-paste-from-office@42.0.2":
  version "42.0.2"
  resolved "https://registry.npmjs.org/@ckeditor/ckeditor5-paste-from-office/-/ckeditor5-paste-from-office-42.0.2.tgz"
  integrity sha512-9K54E44rEjvLqWKRRHeifOlb1bICKzzX8gOv/i90sFQfMeQphA6qEn3WJZNQY4NY9Uwhu3kF/gh3/dqlcBhsvw==
  dependencies:
    "@ckeditor/ckeditor5-clipboard" "42.0.2"
    "@ckeditor/ckeditor5-core" "42.0.2"
    "@ckeditor/ckeditor5-engine" "42.0.2"
    ckeditor5 "42.0.2"

"@ckeditor/ckeditor5-remove-format@42.0.2":
  version "42.0.2"
  resolved "https://registry.npmjs.org/@ckeditor/ckeditor5-remove-format/-/ckeditor5-remove-format-42.0.2.tgz"
  integrity sha512-YIyKibU44Jt6P9qu3WGPjUUh/pb5dvexeE1XG6f5JNtVlZCy3sUI+BDytzqWI68/coOHBKYkKSDOEQdzw83PdA==
  dependencies:
    "@ckeditor/ckeditor5-core" "42.0.2"
    "@ckeditor/ckeditor5-ui" "42.0.2"
    "@ckeditor/ckeditor5-utils" "42.0.2"
    ckeditor5 "42.0.2"

"@ckeditor/ckeditor5-restricted-editing@42.0.2":
  version "42.0.2"
  resolved "https://registry.npmjs.org/@ckeditor/ckeditor5-restricted-editing/-/ckeditor5-restricted-editing-42.0.2.tgz"
  integrity sha512-tfnEE6ieR2UhjZ9zoDNfXIMAMy2FWoajASKffdtpTMBjkVKzM+isg8j0hEkWgiQqCsJYVWt0314nPZrm5EUIfA==
  dependencies:
    "@ckeditor/ckeditor5-core" "42.0.2"
    "@ckeditor/ckeditor5-engine" "42.0.2"
    "@ckeditor/ckeditor5-ui" "42.0.2"
    "@ckeditor/ckeditor5-utils" "42.0.2"
    ckeditor5 "42.0.2"

"@ckeditor/ckeditor5-select-all@42.0.2":
  version "42.0.2"
  resolved "https://registry.npmjs.org/@ckeditor/ckeditor5-select-all/-/ckeditor5-select-all-42.0.2.tgz"
  integrity sha512-eqLhxmsxDQ8s+Op4f0OoXbN9vwz0hekE1HxsClXIsqwhjsO2o/HYcyhIzR9lPgmi4bVf8uy8T9oyWQNRLv4S9w==
  dependencies:
    "@ckeditor/ckeditor5-core" "42.0.2"
    "@ckeditor/ckeditor5-ui" "42.0.2"
    "@ckeditor/ckeditor5-utils" "42.0.2"

"@ckeditor/ckeditor5-show-blocks@42.0.2":
  version "42.0.2"
  resolved "https://registry.npmjs.org/@ckeditor/ckeditor5-show-blocks/-/ckeditor5-show-blocks-42.0.2.tgz"
  integrity sha512-CFYJN3gyiWwJ1mDonzIktRL/A+WONZuyCptELqlU51RRCwbG7eSMtu2Eyd+Q463zYbOKZcdr5uNvlWuRpSsalw==
  dependencies:
    "@ckeditor/ckeditor5-core" "42.0.2"
    "@ckeditor/ckeditor5-ui" "42.0.2"
    ckeditor5 "42.0.2"

"@ckeditor/ckeditor5-source-editing@42.0.2":
  version "42.0.2"
  resolved "https://registry.npmjs.org/@ckeditor/ckeditor5-source-editing/-/ckeditor5-source-editing-42.0.2.tgz"
  integrity sha512-lo/ZmBeAoWu9j0qfuUVIpc2QzZmcrYZ2enloz2mL22DCn3eP8IstE7gSmZlQ/DQxcPC5Sf2uC0l9IurBAP9+pg==
  dependencies:
    "@ckeditor/ckeditor5-core" "42.0.2"
    "@ckeditor/ckeditor5-theme-lark" "42.0.2"
    "@ckeditor/ckeditor5-ui" "42.0.2"
    "@ckeditor/ckeditor5-utils" "42.0.2"
    ckeditor5 "42.0.2"

"@ckeditor/ckeditor5-special-characters@42.0.2":
  version "42.0.2"
  resolved "https://registry.npmjs.org/@ckeditor/ckeditor5-special-characters/-/ckeditor5-special-characters-42.0.2.tgz"
  integrity sha512-B2E9thXW0Ej1istiResH6987g+REnX18aoxW4uXG+PHDrYWjsV4fClEnjWdkO/O0A3yOoNc4LYAbGSo7z0g/1g==
  dependencies:
    "@ckeditor/ckeditor5-core" "42.0.2"
    "@ckeditor/ckeditor5-typing" "42.0.2"
    "@ckeditor/ckeditor5-ui" "42.0.2"
    "@ckeditor/ckeditor5-utils" "42.0.2"
    ckeditor5 "42.0.2"

"@ckeditor/ckeditor5-style@42.0.2":
  version "42.0.2"
  resolved "https://registry.npmjs.org/@ckeditor/ckeditor5-style/-/ckeditor5-style-42.0.2.tgz"
  integrity sha512-vq1GSeOtZm00W4FC6MgqukJbdDE394Sh7ID6634gKmdknbxOBvNcF0XUdAu+kWtJzTjYVrC4+oPYpS5C+odidQ==
  dependencies:
    "@ckeditor/ckeditor5-core" "42.0.2"
    "@ckeditor/ckeditor5-typing" "42.0.2"
    "@ckeditor/ckeditor5-ui" "42.0.2"
    "@ckeditor/ckeditor5-utils" "42.0.2"
    ckeditor5 "42.0.2"
    lodash-es "4.17.21"

"@ckeditor/ckeditor5-table@42.0.2":
  version "42.0.2"
  resolved "https://registry.npmjs.org/@ckeditor/ckeditor5-table/-/ckeditor5-table-42.0.2.tgz"
  integrity sha512-fFMXbQCa7UR4aAmwVkKzDcRmKCd2YwE1iNLeGWJz7tz1c+hGeadej0aHgUxBw+hHu6DhS9AyvtwmNweQpc3PnQ==
  dependencies:
    "@ckeditor/ckeditor5-clipboard" "42.0.2"
    "@ckeditor/ckeditor5-core" "42.0.2"
    "@ckeditor/ckeditor5-engine" "42.0.2"
    "@ckeditor/ckeditor5-ui" "42.0.2"
    "@ckeditor/ckeditor5-utils" "42.0.2"
    "@ckeditor/ckeditor5-widget" "42.0.2"
    ckeditor5 "42.0.2"
    lodash-es "4.17.21"

"@ckeditor/ckeditor5-theme-lark@42.0.2":
  version "42.0.2"
  resolved "https://registry.npmjs.org/@ckeditor/ckeditor5-theme-lark/-/ckeditor5-theme-lark-42.0.2.tgz"
  integrity sha512-t+/JVtK+lWzfLywsZX7eE8tfyBSnsaTsxeo84ZbSU9M1Vts5FN/5JExiY89VjsT8m84VAufbG+fDGjQpiYzsyg==
  dependencies:
    "@ckeditor/ckeditor5-ui" "42.0.2"

"@ckeditor/ckeditor5-typing@42.0.2":
  version "42.0.2"
  resolved "https://registry.npmjs.org/@ckeditor/ckeditor5-typing/-/ckeditor5-typing-42.0.2.tgz"
  integrity sha512-xwGazKjCJOQViGnk/Q0yVg98mc0aDJHvx6FsCFRF6e7B8WiMq8rPQjfO63TYOnUSOIkQJerbAv+hrsBS8XdxaQ==
  dependencies:
    "@ckeditor/ckeditor5-core" "42.0.2"
    "@ckeditor/ckeditor5-engine" "42.0.2"
    "@ckeditor/ckeditor5-utils" "42.0.2"
    lodash-es "4.17.21"

"@ckeditor/ckeditor5-ui@42.0.2":
  version "42.0.2"
  resolved "https://registry.npmjs.org/@ckeditor/ckeditor5-ui/-/ckeditor5-ui-42.0.2.tgz"
  integrity sha512-Lrej61+xTTqIJSlA9FfqwpEClVoRabM3na8MDiWjAzneQkPgFtw1WTgUKvxNaI+eMXCmT/HVNj/RCg9vqt0pug==
  dependencies:
    "@ckeditor/ckeditor5-core" "42.0.2"
    "@ckeditor/ckeditor5-utils" "42.0.2"
    color-convert "2.0.1"
    color-parse "1.4.2"
    lodash-es "4.17.21"
    vanilla-colorful "0.7.2"

"@ckeditor/ckeditor5-undo@42.0.2":
  version "42.0.2"
  resolved "https://registry.npmjs.org/@ckeditor/ckeditor5-undo/-/ckeditor5-undo-42.0.2.tgz"
  integrity sha512-OpfdYnADY2MM8nWN5M13BEDDnwL15YHUYUpgMnydgJObZzSnePqgWQSFaBAY5j24eze0a8gyGgnOE5jV6VBm1Q==
  dependencies:
    "@ckeditor/ckeditor5-core" "42.0.2"
    "@ckeditor/ckeditor5-engine" "42.0.2"
    "@ckeditor/ckeditor5-ui" "42.0.2"

"@ckeditor/ckeditor5-upload@42.0.2":
  version "42.0.2"
  resolved "https://registry.npmjs.org/@ckeditor/ckeditor5-upload/-/ckeditor5-upload-42.0.2.tgz"
  integrity sha512-QD6PR1ZurGQv0gULG4hNiaFMO306qM9Gin2BbICkZuJ+IFKd7nQ+mp7ZCbgPgRYtSkeUyHjSzNR4+wIA2nPVEg==
  dependencies:
    "@ckeditor/ckeditor5-core" "42.0.2"
    "@ckeditor/ckeditor5-utils" "42.0.2"

"@ckeditor/ckeditor5-utils@42.0.2":
  version "42.0.2"
  resolved "https://registry.npmjs.org/@ckeditor/ckeditor5-utils/-/ckeditor5-utils-42.0.2.tgz"
  integrity sha512-z4lNVoVf4cyK6cugMABNgMtYDiIK+0eQwYFtr45DhPK283RWEqrU0xwbwoqhIqeXRQ6B+9+0nC7ZIFPEdQ+iDA==
  dependencies:
    lodash-es "4.17.21"

"@ckeditor/ckeditor5-watchdog@42.0.2":
  version "42.0.2"
  resolved "https://registry.npmjs.org/@ckeditor/ckeditor5-watchdog/-/ckeditor5-watchdog-42.0.2.tgz"
  integrity sha512-0z00yqbBt/JALAD8C62LNySitQ+wBw1My43Qe2xs5VAP5tUZcziFFCc4BhMy+w6ZWUmZj2hkjSLlmx7b/vid+A==
  dependencies:
    lodash-es "4.17.21"

"@ckeditor/ckeditor5-widget@42.0.2":
  version "42.0.2"
  resolved "https://registry.npmjs.org/@ckeditor/ckeditor5-widget/-/ckeditor5-widget-42.0.2.tgz"
  integrity sha512-ZRI8H+Ir7YpByUO4/kKMNJJE5WUDoICl1BitSR9QKmkG7X2fBRdDG8setm4HsUU1kkPe0aYy6HK2ajZ2g5ZkaA==
  dependencies:
    "@ckeditor/ckeditor5-core" "42.0.2"
    "@ckeditor/ckeditor5-engine" "42.0.2"
    "@ckeditor/ckeditor5-enter" "42.0.2"
    "@ckeditor/ckeditor5-typing" "42.0.2"
    "@ckeditor/ckeditor5-ui" "42.0.2"
    "@ckeditor/ckeditor5-utils" "42.0.2"
    lodash-es "4.17.21"

"@ckeditor/ckeditor5-word-count@42.0.2":
  version "42.0.2"
  resolved "https://registry.npmjs.org/@ckeditor/ckeditor5-word-count/-/ckeditor5-word-count-42.0.2.tgz"
  integrity sha512-jtlyA6TXnnRpaTgvYG219z5p+MRZWUBz3r5oHa79lFcMDREZH6gKztiE+hYSmiL2OSAtHi0kYWUAF/oJfpHt3g==
  dependencies:
    "@ckeditor/ckeditor5-core" "42.0.2"
    "@ckeditor/ckeditor5-ui" "42.0.2"
    "@ckeditor/ckeditor5-utils" "42.0.2"
    ckeditor5 "42.0.2"
    lodash-es "4.17.21"

"@mixmark-io/domino@^2.2.0":
  version "2.2.0"
  resolved "https://registry.npmjs.org/@mixmark-io/domino/-/domino-2.2.0.tgz"
  integrity sha512-Y28PR25bHXUg88kCV7nivXrP2Nj2RueZ3/l/jdx6J9f8J4nsEGcgX0Qe6lt7Pa+J79+kPiJU3LguR6O/6zrLOw==

"@popperjs/core@^2.11.8":
  version "2.11.8"
  resolved "https://registry.npmjs.org/@popperjs/core/-/core-2.11.8.tgz"
  integrity sha512-P1st0aksCrn9sGZhp8GMYwBnQsbvAWsZAX44oXNNvLHGqAOcoVxmjZiohstwQ7SqKnbR47akdNi+uleWD8+g6A==

"@types/trusted-types@^2.0.7":
  version "2.0.7"
  resolved "https://registry.npmjs.org/@types/trusted-types/-/trusted-types-2.0.7.tgz"
  integrity sha512-ScaPdn1dQczgbl0QFTeTOmVHFULt394XJgOQNoyVhZ6r2vLnMLJfBPd53SB52T/3G36VI1/g2MZaX0cwDuXsfw==

"@wiris/mathtype-ckeditor5@^8.10.0":
  version "8.14.0"
  resolved "https://registry.npmjs.org/@wiris/mathtype-ckeditor5/-/mathtype-ckeditor5-8.14.0.tgz"
  integrity sha512-VU3H9nGpPQO3VIJKFbbKbmn/WMtZyf+RjYaU7O3ihETx0pvT/+/1UflMKmz12yT0oluw+mQWAxqbLYsEfgeYeA==
  dependencies:
    "@wiris/mathtype-html-integration-devkit" "1.17.12"

"@wiris/mathtype-html-integration-devkit@1.17.12":
  version "1.17.12"
  resolved "https://registry.npmjs.org/@wiris/mathtype-html-integration-devkit/-/mathtype-html-integration-devkit-1.17.12.tgz"
  integrity sha512-x5Zzooq8Jn3jgq5LV+FuhZ4LV9+3j1Gh5/S7ZqPeKqURF9Q6cLqvA1L048ySNpvj8lG6w7UfO/9T1rhVCxbHXw==
  dependencies:
    dompurify "^3.0.10"
    uuid "^8.3.2"

blurhash@2.0.5:
  version "2.0.5"
  resolved "https://registry.npmjs.org/blurhash/-/blurhash-2.0.5.tgz"
  integrity sha512-cRygWd7kGBQO3VEhPiTgq4Wc43ctsM+o46urrmPOiuAe+07fzlSB9OJVdpgDL0jPqXUVQ9ht7aq7kxOeJHRK+w==

bootstrap-timepicker@^0.5.2:
  version "0.5.2"
  resolved "https://registry.npmjs.org/bootstrap-timepicker/-/bootstrap-timepicker-0.5.2.tgz"
  integrity sha512-ZUEEu2H6hz/6N8Myi0KGxyqZ5+SmNbPKLgD/2s4dQcK/MrUw/1b9OmK46dSLVwKEARTWITCWz6QRZAJs5YeRBA==

bootstrap@^5.3.8:
  version "5.3.8"
  resolved "https://registry.npmjs.org/bootstrap/-/bootstrap-5.3.8.tgz"
  integrity sha512-HP1SZDqaLDPwsNiqRqi5NcP0SSXciX2s9E+RyqJIIqGo+vJeN5AJVM98CXmW/Wux0nQ5L7jeWUdplCEf0Ee+tg==

ckeditor5-mathtype@^1.0.4:
  version "1.0.4"
  resolved "https://registry.npmjs.org/ckeditor5-mathtype/-/ckeditor5-mathtype-1.0.4.tgz"
  integrity sha512-R4JB9DtCZfpJZYNkPNIy0gwbk3do6+Vkt+eEiraIweUO9qmUBp+sxWPxb8ZqVNipQndTUURuaxEmeuM9gx8GuA==

ckeditor5@^42.0.0, ckeditor5@>=46.0.0, ckeditor5@42.0.2:
  version "42.0.2"
  resolved "https://registry.npmjs.org/ckeditor5/-/ckeditor5-42.0.2.tgz"
  integrity sha512-SHyyJ6y/+2Mas3SMlVchsq1i9LYqF7J7EMwEUKAt+sIXBW9pbBnLVncXpIpGTQ/M8fS20NVk7dfJ2P4TyEZGew==
  dependencies:
    "@ckeditor/ckeditor5-adapter-ckfinder" "42.0.2"
    "@ckeditor/ckeditor5-alignment" "42.0.2"
    "@ckeditor/ckeditor5-autoformat" "42.0.2"
    "@ckeditor/ckeditor5-autosave" "42.0.2"
    "@ckeditor/ckeditor5-basic-styles" "42.0.2"
    "@ckeditor/ckeditor5-block-quote" "42.0.2"
    "@ckeditor/ckeditor5-ckbox" "42.0.2"
    "@ckeditor/ckeditor5-ckfinder" "42.0.2"
    "@ckeditor/ckeditor5-clipboard" "42.0.2"
    "@ckeditor/ckeditor5-cloud-services" "42.0.2"
    "@ckeditor/ckeditor5-code-block" "42.0.2"
    "@ckeditor/ckeditor5-core" "42.0.2"
    "@ckeditor/ckeditor5-easy-image" "42.0.2"
    "@ckeditor/ckeditor5-editor-balloon" "42.0.2"
    "@ckeditor/ckeditor5-editor-classic" "42.0.2"
    "@ckeditor/ckeditor5-editor-decoupled" "42.0.2"
    "@ckeditor/ckeditor5-editor-inline" "42.0.2"
    "@ckeditor/ckeditor5-editor-multi-root" "42.0.2"
    "@ckeditor/ckeditor5-engine" "42.0.2"
    "@ckeditor/ckeditor5-enter" "42.0.2"
    "@ckeditor/ckeditor5-essentials" "42.0.2"
    "@ckeditor/ckeditor5-find-and-replace" "42.0.2"
    "@ckeditor/ckeditor5-font" "42.0.2"
    "@ckeditor/ckeditor5-heading" "42.0.2"
    "@ckeditor/ckeditor5-highlight" "42.0.2"
    "@ckeditor/ckeditor5-horizontal-line" "42.0.2"
    "@ckeditor/ckeditor5-html-embed" "42.0.2"
    "@ckeditor/ckeditor5-html-support" "42.0.2"
    "@ckeditor/ckeditor5-image" "42.0.2"
    "@ckeditor/ckeditor5-indent" "42.0.2"
    "@ckeditor/ckeditor5-language" "42.0.2"
    "@ckeditor/ckeditor5-link" "42.0.2"
    "@ckeditor/ckeditor5-list" "42.0.2"
    "@ckeditor/ckeditor5-markdown-gfm" "42.0.2"
    "@ckeditor/ckeditor5-media-embed" "42.0.2"
    "@ckeditor/ckeditor5-mention" "42.0.2"
    "@ckeditor/ckeditor5-minimap" "42.0.2"
    "@ckeditor/ckeditor5-page-break" "42.0.2"
    "@ckeditor/ckeditor5-paragraph" "42.0.2"
    "@ckeditor/ckeditor5-paste-from-office" "42.0.2"
    "@ckeditor/ckeditor5-remove-format" "42.0.2"
    "@ckeditor/ckeditor5-restricted-editing" "42.0.2"
    "@ckeditor/ckeditor5-select-all" "42.0.2"
    "@ckeditor/ckeditor5-show-blocks" "42.0.2"
    "@ckeditor/ckeditor5-source-editing" "42.0.2"
    "@ckeditor/ckeditor5-special-characters" "42.0.2"
    "@ckeditor/ckeditor5-style" "42.0.2"
    "@ckeditor/ckeditor5-table" "42.0.2"
    "@ckeditor/ckeditor5-theme-lark" "42.0.2"
    "@ckeditor/ckeditor5-typing" "42.0.2"
    "@ckeditor/ckeditor5-ui" "42.0.2"
    "@ckeditor/ckeditor5-undo" "42.0.2"
    "@ckeditor/ckeditor5-upload" "42.0.2"
    "@ckeditor/ckeditor5-utils" "42.0.2"
    "@ckeditor/ckeditor5-watchdog" "42.0.2"
    "@ckeditor/ckeditor5-widget" "42.0.2"
    "@ckeditor/ckeditor5-word-count" "42.0.2"

color-convert@2.0.1:
  version "2.0.1"
  resolved "https://registry.npmjs.org/color-convert/-/color-convert-2.0.1.tgz"
  integrity sha512-RRECPsj7iu/xb5oKYcsFHSppFNnsj/52OVTRKb4zP5onXwVF3zVmmToNcOfGC+CRDpfK/U584fMg38ZHCaElKQ==
  dependencies:
    color-name "~1.1.4"

color-name@^1.0.0, color-name@~1.1.4:
  version "1.1.4"
  resolved "https://registry.npmjs.org/color-name/-/color-name-1.1.4.tgz"
  integrity sha512-dOy+3AuW3a2wNbZHIuMZpTcgjGuLU/uBL/ubcZF9OXbDo8ff4O8yVp5Bf0efS8uEoYo5q4Fx7dY9OgQGXgAsQA==

color-parse@1.4.2:
  version "1.4.2"
  resolved "https://registry.npmjs.org/color-parse/-/color-parse-1.4.2.tgz"
  integrity sha512-RI7s49/8yqDj3fECFZjUI1Yi0z/Gq1py43oNJivAIIDSyJiOZLfYCRQEgn8HEVAj++PcRe8AnL2XF0fRJ3BTnA==
  dependencies:
    color-name "^1.0.0"

core-js@^3.45.1:
  version "3.47.0"
  resolved "https://registry.npmjs.org/core-js/-/core-js-3.47.0.tgz"
  integrity sha512-c3Q2VVkGAUyupsjRnaNX6u8Dq2vAdzm9iuPj5FW0fRxzlxgq9Q39MDq10IvmQSpLgHQNyQzQmOo6bgGHmH3NNg==

custom-event-polyfill@^1.0.7:
  version "1.0.7"
  resolved "https://registry.npmjs.org/custom-event-polyfill/-/custom-event-polyfill-1.0.7.tgz"
  integrity sha512-TDDkd5DkaZxZFM8p+1I3yAlvM3rSr1wbrOliG4yJiwinMZN8z/iGL7BTlDkrJcYTmgUSb4ywVCc3ZaUtOtC76w==

dompurify@^3.0.10:
  version "3.3.0"
  resolved "https://registry.npmjs.org/dompurify/-/dompurify-3.3.0.tgz"
  integrity sha512-r+f6MYR1gGN1eJv0TVQbhA7if/U7P87cdPl3HN5rikqaBSBxLiCb/b9O+2eG0cxz0ghyU+mU1QkbsOwERMYlWQ==
  optionalDependencies:
    "@types/trusted-types" "^2.0.7"

loadjs@^4.3.0:
  version "4.3.0"
  resolved "https://registry.npmjs.org/loadjs/-/loadjs-4.3.0.tgz"
  integrity sha512-vNX4ZZLJBeDEOBvdr2v/F+0aN5oMuPu7JTqrMwp+DtgK+AryOlpy6Xtm2/HpNr+azEa828oQjOtWsB6iDtSfSQ==

lodash-es@4.17.21:
  version "4.17.21"
  resolved "https://registry.npmjs.org/lodash-es/-/lodash-es-4.17.21.tgz"
  integrity sha512-mKnC+QJ9pWVzv+C4/U3rRsHapFfHvQFoFB92e52xeyGMcX6/OlIl78je1u8vePzYZSkkogMPJ2yjxxsb89cxyw==

marked@4.0.12:
  version "4.0.12"
  resolved "https://registry.npmjs.org/marked/-/marked-4.0.12.tgz"
  integrity sha512-hgibXWrEDNBWgGiK18j/4lkS6ihTe9sxtV4Q1OQppb/0zzyPSzoFANBa5MfsG/zgsWklmNnhm0XACZOH/0HBiQ==

plyr@^3.6.8:
  version "3.8.3"
  resolved "https://registry.npmjs.org/plyr/-/plyr-3.8.3.tgz"
  integrity sha512-0+iI5uw0WRvtKBpgPCkmQQv7ucHVQKTEo6UFJjgJ8cy/JZhy0dQqshHQVitHXV6l2O3MzhgnuvQ95VSkWcWeSw==
  dependencies:
    core-js "^3.45.1"
    custom-event-polyfill "^1.0.7"
    loadjs "^4.3.0"
    rangetouch "^2.0.1"
    url-polyfill "^1.1.13"

rangetouch@^2.0.1:
  version "2.0.1"
  resolved "https://registry.npmjs.org/rangetouch/-/rangetouch-2.0.1.tgz"
  integrity sha512-sln+pNSc8NGaHoLzwNBssFSf/rSYkqeBXzX1AtJlkJiUaVSJSbRAWJk+4omsXkN+EJalzkZhWQ3th1m0FpR5xA==

svg.draggable.js@2.0.0:
  version "2.0.0"
  resolved "https://registry.npmjs.org/svg.draggable.js/-/svg.draggable.js-2.0.0.tgz"
  integrity sha512-uJiJAJ22GXncVCypEUN9AfPHKecwu//mZpAnE8QI/qHYBD9qBQi84p06PkVhTn8ZTgIo3xgmRoav1k6UrkZ61w==
  dependencies:
    svg.js "^2.0.1"

svg.js@^2.0.1, svg.js@^2.7.1:
  version "2.7.1"
  resolved "https://registry.npmjs.org/svg.js/-/svg.js-2.7.1.tgz"
  integrity sha512-ycbxpizEQktk3FYvn/8BH+6/EuWXg7ZpQREJvgacqn46gIddG24tNNe4Son6omdXCnSOaApnpZw6MPCBA1dODA==

turndown-plugin-gfm@1.0.2:
  version "1.0.2"
  resolved "https://registry.npmjs.org/turndown-plugin-gfm/-/turndown-plugin-gfm-1.0.2.tgz"
  integrity sha512-vwz9tfvF7XN/jE0dGoBei3FXWuvll78ohzCZQuOb+ZjWrs3a0XhQVomJEb2Qh4VHTPNRO4GPZh0V7VRbiWwkRg==

turndown@7.2.0:
  version "7.2.0"
  resolved "https://registry.npmjs.org/turndown/-/turndown-7.2.0.tgz"
  integrity sha512-eCZGBN4nNNqM9Owkv9HAtWRYfLA4h909E/WGAWWBpmB275ehNhZyk87/Tpvjbp0jjNl9XwCsbe6bm6CqFsgD+A==
  dependencies:
    "@mixmark-io/domino" "^2.2.0"

url-polyfill@^1.1.13:
  version "1.1.14"
  resolved "https://registry.npmjs.org/url-polyfill/-/url-polyfill-1.1.14.tgz"
  integrity sha512-p4f3TTAG6ADVF3mwbXw7hGw+QJyw5CnNGvYh5fCuQQZIiuKUswqcznyV3pGDP9j0TSmC4UvRKm8kl1QsX1diiQ==

uuid@^8.3.2:
  version "8.3.2"
  resolved "https://registry.npmjs.org/uuid/-/uuid-8.3.2.tgz"
  integrity sha512-+NYs2QeMWy+GWFOEm9xnn6HCDp0l7QBD7ml8zLUmJ+93Q5NF0NocErnwkTkXVFNiX3/fpC6afS8Dhb/gz7R7eg==

vanilla-colorful@0.7.2:
  version "0.7.2"
  resolved "https://registry.npmjs.org/vanilla-colorful/-/vanilla-colorful-0.7.2.tgz"
  integrity sha512-z2YZusTFC6KnLERx1cgoIRX2CjPRP0W75N+3CC6gbvdX5Ch47rZkEMGO2Xnf+IEmi3RiFLxS18gayMA27iU7Kg==
